
Microsoft Visual Studio Solution File, Format Version 12.00
# Visual Studio Version 16
VisualStudioVersion = 16.0.29424.173
MinimumVisualStudioVersion = 10.0.40219.1
Project("{9A19103F-16F7-4668-BE54-9A1E7A4F7556}") = "FeatuR", "src\FeatuR\src\FeatuR\FeatuR.csproj", "{A6A6DE30-B74E-400F-B9E9-9F886A1F71E0}"
EndProject
Project("{2150E333-8FDC-42A3-9474-1A3956D46DE8}") = "tests", "tests", "{33EB9376-C011-4731-8491-EF6025C49902}"
EndProject
Project("{9A19103F-16F7-4668-BE54-9A1E7A4F7556}") = "FeatuR.Tests", "test\FeatuR.Tests\FeatuR.Tests.csproj", "{B00BAF93-D8AA-4764-9E18-FDD795CEDD7D}"
EndProject
Project("{9A19103F-16F7-4668-BE54-9A1E7A4F7556}") = "FeatuR.RestClient", "src\FeatuR.RestClient\src\FeatuR.RestClient\FeatuR.RestClient.csproj", "{7BA09A6B-7641-4AAC-A6A6-AE86592C3F68}"
EndProject
Project("{2150E333-8FDC-42A3-9474-1A3956D46DE8}") = "samples", "samples", "{743A8C12-EC52-4431-9396-C81538EF231C}"
EndProject
Project("{9A19103F-16F7-4668-BE54-9A1E7A4F7556}") = "FeatuR.RestClient.Samples.WebApp", "samples\FeatuR.RestClient.Samples.WebApp\FeatuR.RestClient.Samples.WebApp.csproj", "{CF7268E4-62B3-4F1F-A803-8F227B9DA5C7}"
EndProject
Project("{2150E333-8FDC-42A3-9474-1A3956D46DE8}") = "src", "src", "{70E59C6C-618E-49D7-81E6-FF8E711432A8}"
EndProject
Project("{9A19103F-16F7-4668-BE54-9A1E7A4F7556}") = "FeatuR.RestClient.Tests", "test\FeatuR.RestClient.Tests\FeatuR.RestClient.Tests.csproj", "{880005DC-73BC-4FC3-A741-F028A2581338}"
EndProject
Project("{FAE04EC0-301F-11D3-BF4B-00C04F79EFBC}") = "FeatuR.Sql", "src\FeatuR.Sql\src\FeatuR.Sql\FeatuR.Sql\FeatuR.Sql.csproj", "{FF289F4A-90E5-4B11-875F-1E7CB8A5BCF5}"
EndProject
Global
	GlobalSection(SolutionConfigurationPlatforms) = preSolution
		Debug|Any CPU = Debug|Any CPU
		Release|Any CPU = Release|Any CPU
	EndGlobalSection
	GlobalSection(ProjectConfigurationPlatforms) = postSolution
		{A6A6DE30-B74E-400F-B9E9-9F886A1F71E0}.Debug|Any CPU.ActiveCfg = Debug|Any CPU
		{A6A6DE30-B74E-400F-B9E9-9F886A1F71E0}.Debug|Any CPU.Build.0 = Debug|Any CPU
		{A6A6DE30-B74E-400F-B9E9-9F886A1F71E0}.Release|Any CPU.ActiveCfg = Release|Any CPU
		{A6A6DE30-B74E-400F-B9E9-9F886A1F71E0}.Release|Any CPU.Build.0 = Release|Any CPU
		{B00BAF93-D8AA-4764-9E18-FDD795CEDD7D}.Debug|Any CPU.ActiveCfg = Debug|Any CPU
		{B00BAF93-D8AA-4764-9E18-FDD795CEDD7D}.Debug|Any CPU.Build.0 = Debug|Any CPU
		{B00BAF93-D8AA-4764-9E18-FDD795CEDD7D}.Release|Any CPU.ActiveCfg = Release|Any CPU
		{B00BAF93-D8AA-4764-9E18-FDD795CEDD7D}.Release|Any CPU.Build.0 = Release|Any CPU
		{7BA09A6B-7641-4AAC-A6A6-AE86592C3F68}.Debug|Any CPU.ActiveCfg = Debug|Any CPU
		{7BA09A6B-7641-4AAC-A6A6-AE86592C3F68}.Debug|Any CPU.Build.0 = Debug|Any CPU
		{7BA09A6B-7641-4AAC-A6A6-AE86592C3F68}.Release|Any CPU.ActiveCfg = Release|Any CPU
		{7BA09A6B-7641-4AAC-A6A6-AE86592C3F68}.Release|Any CPU.Build.0 = Release|Any CPU
		{CF7268E4-62B3-4F1F-A803-8F227B9DA5C7}.Debug|Any CPU.ActiveCfg = Debug|Any CPU
		{CF7268E4-62B3-4F1F-A803-8F227B9DA5C7}.Debug|Any CPU.Build.0 = Debug|Any CPU
		{CF7268E4-62B3-4F1F-A803-8F227B9DA5C7}.Release|Any CPU.ActiveCfg = Release|Any CPU
		{CF7268E4-62B3-4F1F-A803-8F227B9DA5C7}.Release|Any CPU.Build.0 = Release|Any CPU
		{880005DC-73BC-4FC3-A741-F028A2581338}.Debug|Any CPU.ActiveCfg = Debug|Any CPU
		{880005DC-73BC-4FC3-A741-F028A2581338}.Debug|Any CPU.Build.0 = Debug|Any CPU
		{880005DC-73BC-4FC3-A741-F028A2581338}.Release|Any CPU.ActiveCfg = Release|Any CPU
		{880005DC-73BC-4FC3-A741-F028A2581338}.Release|Any CPU.Build.0 = Release|Any CPU
		{FF289F4A-90E5-4B11-875F-1E7CB8A5BCF5}.Debug|Any CPU.ActiveCfg = Debug|Any CPU
		{FF289F4A-90E5-4B11-875F-1E7CB8A5BCF5}.Debug|Any CPU.Build.0 = Debug|Any CPU
		{FF289F4A-90E5-4B11-875F-1E7CB8A5BCF5}.Release|Any CPU.ActiveCfg = Release|Any CPU
		{FF289F4A-90E5-4B11-875F-1E7CB8A5BCF5}.Release|Any CPU.Build.0 = Release|Any CPU
	EndGlobalSection
	GlobalSection(SolutionProperties) = preSolution
		HideSolutionNode = FALSE
	EndGlobalSection
	GlobalSection(NestedProjects) = preSolution
		{A6A6DE30-B74E-400F-B9E9-9F886A1F71E0} = {70E59C6C-618E-49D7-81E6-FF8E711432A8}
		{B00BAF93-D8AA-4764-9E18-FDD795CEDD7D} = {33EB9376-C011-4731-8491-EF6025C49902}
		{7BA09A6B-7641-4AAC-A6A6-AE86592C3F68} = {70E59C6C-618E-49D7-81E6-FF8E711432A8}
		{CF7268E4-62B3-4F1F-A803-8F227B9DA5C7} = {743A8C12-EC52-4431-9396-C81538EF231C}
		{880005DC-73BC-4FC3-A741-F028A2581338} = {33EB9376-C011-4731-8491-EF6025C49902}
		{FF289F4A-90E5-4B11-875F-1E7CB8A5BCF5} = {70E59C6C-618E-49D7-81E6-FF8E711432A8}
	EndGlobalSection
	GlobalSection(ExtensibilityGlobals) = postSolution
		SolutionGuid = {AC9DA31B-2142-4BC1-8684-012B35870A13}
	EndGlobalSection
EndGlobal
