
Microsoft Visual Studio Solution File, Format Version 12.00
# Visual Studio Version 16
VisualStudioVersion = 16.0.29424.173
MinimumVisualStudioVersion = 10.0.40219.1
Project("{9A19103F-16F7-4668-BE54-9A1E7A4F7556}") = "FeatuR", "src\FeatuR\FeatuR.csproj", "{A6A6DE30-B74E-400F-B9E9-9F886A1F71E0}"
EndProject
Project("{2150E333-8FDC-42A3-9474-1A3956D46DE8}") = "test", "test", "{33EB9376-C011-4731-8491-EF6025C49902}"
EndProject
Project("{9A19103F-16F7-4668-BE54-9A1E7A4F7556}") = "FeatuR.Tests", "test\FeatuR.Tests\FeatuR.Tests.csproj", "{B00BAF93-D8AA-4764-9E18-FDD795CEDD7D}"
EndProject
Project("{9A19103F-16F7-4668-BE54-9A1E7A4F7556}") = "FeatuR.RestClient", "src\FeatuR.RestClient\FeatuR.RestClient.csproj", "{7BA09A6B-7641-4AAC-A6A6-AE86592C3F68}"
EndProject
Project("{2150E333-8FDC-42A3-9474-1A3956D46DE8}") = "src", "src", "{70E59C6C-618E-49D7-81E6-FF8E711432A8}"
EndProject
Project("{9A19103F-16F7-4668-BE54-9A1E7A4F7556}") = "FeatuR.RestClient.Tests", "test\FeatuR.RestClient.Tests\FeatuR.RestClient.Tests.csproj", "{880005DC-73BC-4FC3-A741-F028A2581338}"
EndProject
Project("{9A19103F-16F7-4668-BE54-9A1E7A4F7556}") = "FeatuR.EntityFramework.SqlServer", "src\FeatuR.EntityFramework.SqlServer\FeatuR.EntityFramework.SqlServer.csproj", "{FF289F4A-90E5-4B11-875F-1E7CB8A5BCF5}"
EndProject
Project("{9A19103F-16F7-4668-BE54-9A1E7A4F7556}") = "FeatuR.EntityFramework", "src\FeatuR.EntityFramework\FeatuR.EntityFramework.csproj", "{64B5DE27-3EF2-4C33-823A-ABF8142D0697}"
EndProject
Project("{9A19103F-16F7-4668-BE54-9A1E7A4F7556}") = "FeatuR.EntityFramework.SqlServer.DependencyInjection", "src\FeatuR.EntityFramework.SqlServer.DependencyInjection\FeatuR.EntityFramework.SqlServer.DependencyInjection.csproj", "{C0E960DB-943D-4705-B829-4A15750521CC}"
EndProject
Project("{9A19103F-16F7-4668-BE54-9A1E7A4F7556}") = "FeatuR.EntityFramework.Tests", "test\FeatuR.EntityFramework.Tests\FeatuR.EntityFramework.Tests.csproj", "{E57059B3-6022-40F6-9AD5-85015F0FA149}"
EndProject
Project("{9A19103F-16F7-4668-BE54-9A1E7A4F7556}") = "FeatuR.EntityFramework.MySQL", "src\FeatuR.EntityFramework.MySQL\FeatuR.EntityFramework.MySQL.csproj", "{81103134-A227-49BC-BECC-765FD4A8499D}"
EndProject
Project("{9A19103F-16F7-4668-BE54-9A1E7A4F7556}") = "FeatuR.EntityFramework.MySQL.DependencyInjection", "src\FeatuR.EntityFramework.MySQL.DependencyInjection\FeatuR.EntityFramework.MySQL.DependencyInjection.csproj", "{357D1A08-384A-4DE3-AA9B-99041D073689}"
EndProject
Project("{9A19103F-16F7-4668-BE54-9A1E7A4F7556}") = "FeatuR.EntityFramework.MySQL.IntegrationTests", "test\FeatuR.EntityFramework.MySQL.IntegrationTests\FeatuR.EntityFramework.MySQL.IntegrationTests.csproj", "{DB3750A0-0B02-46D3-9733-AD87B8D80098}"
EndProject
Project("{FAE04EC0-301F-11D3-BF4B-00C04F79EFBC}") = "FeatuR.EntityFramework.SqlServer.IntegrationTests", "test\FeatuR.EntityFramework.SqlServer.IntegrationTests\FeatuR.EntityFramework.SqlServer.IntegrationTests.csproj", "{9F6CE32D-F17D-4661-AF89-78951B9C0378}"
EndProject
Global
	GlobalSection(SolutionConfigurationPlatforms) = preSolution
		Debug|Any CPU = Debug|Any CPU
		Release|Any CPU = Release|Any CPU
	EndGlobalSection
	GlobalSection(ProjectConfigurationPlatforms) = postSolution
		{A6A6DE30-B74E-400F-B9E9-9F886A1F71E0}.Debug|Any CPU.ActiveCfg = Debug|Any CPU
		{A6A6DE30-B74E-400F-B9E9-9F886A1F71E0}.Debug|Any CPU.Build.0 = Debug|Any CPU
		{A6A6DE30-B74E-400F-B9E9-9F886A1F71E0}.Release|Any CPU.ActiveCfg = Release|Any CPU
		{A6A6DE30-B74E-400F-B9E9-9F886A1F71E0}.Release|Any CPU.Build.0 = Release|Any CPU
		{B00BAF93-D8AA-4764-9E18-FDD795CEDD7D}.Debug|Any CPU.ActiveCfg = Debug|Any CPU
		{B00BAF93-D8AA-4764-9E18-FDD795CEDD7D}.Debug|Any CPU.Build.0 = Debug|Any CPU
		{B00BAF93-D8AA-4764-9E18-FDD795CEDD7D}.Release|Any CPU.ActiveCfg = Release|Any CPU
		{B00BAF93-D8AA-4764-9E18-FDD795CEDD7D}.Release|Any CPU.Build.0 = Release|Any CPU
		{7BA09A6B-7641-4AAC-A6A6-AE86592C3F68}.Debug|Any CPU.ActiveCfg = Debug|Any CPU
		{7BA09A6B-7641-4AAC-A6A6-AE86592C3F68}.Debug|Any CPU.Build.0 = Debug|Any CPU
		{7BA09A6B-7641-4AAC-A6A6-AE86592C3F68}.Release|Any CPU.ActiveCfg = Release|Any CPU
		{7BA09A6B-7641-4AAC-A6A6-AE86592C3F68}.Release|Any CPU.Build.0 = Release|Any CPU
		{880005DC-73BC-4FC3-A741-F028A2581338}.Debug|Any CPU.ActiveCfg = Debug|Any CPU
		{880005DC-73BC-4FC3-A741-F028A2581338}.Debug|Any CPU.Build.0 = Debug|Any CPU
		{880005DC-73BC-4FC3-A741-F028A2581338}.Release|Any CPU.ActiveCfg = Release|Any CPU
		{880005DC-73BC-4FC3-A741-F028A2581338}.Release|Any CPU.Build.0 = Release|Any CPU
		{FF289F4A-90E5-4B11-875F-1E7CB8A5BCF5}.Debug|Any CPU.ActiveCfg = Debug|Any CPU
		{FF289F4A-90E5-4B11-875F-1E7CB8A5BCF5}.Debug|Any CPU.Build.0 = Debug|Any CPU
		{FF289F4A-90E5-4B11-875F-1E7CB8A5BCF5}.Release|Any CPU.ActiveCfg = Release|Any CPU
		{FF289F4A-90E5-4B11-875F-1E7CB8A5BCF5}.Release|Any CPU.Build.0 = Release|Any CPU
		{64B5DE27-3EF2-4C33-823A-ABF8142D0697}.Debug|Any CPU.ActiveCfg = Debug|Any CPU
		{64B5DE27-3EF2-4C33-823A-ABF8142D0697}.Debug|Any CPU.Build.0 = Debug|Any CPU
		{64B5DE27-3EF2-4C33-823A-ABF8142D0697}.Release|Any CPU.ActiveCfg = Release|Any CPU
		{64B5DE27-3EF2-4C33-823A-ABF8142D0697}.Release|Any CPU.Build.0 = Release|Any CPU
		{C0E960DB-943D-4705-B829-4A15750521CC}.Debug|Any CPU.ActiveCfg = Debug|Any CPU
		{C0E960DB-943D-4705-B829-4A15750521CC}.Debug|Any CPU.Build.0 = Debug|Any CPU
		{C0E960DB-943D-4705-B829-4A15750521CC}.Release|Any CPU.ActiveCfg = Release|Any CPU
		{C0E960DB-943D-4705-B829-4A15750521CC}.Release|Any CPU.Build.0 = Release|Any CPU
		{E57059B3-6022-40F6-9AD5-85015F0FA149}.Debug|Any CPU.ActiveCfg = Debug|Any CPU
		{E57059B3-6022-40F6-9AD5-85015F0FA149}.Debug|Any CPU.Build.0 = Debug|Any CPU
		{E57059B3-6022-40F6-9AD5-85015F0FA149}.Release|Any CPU.ActiveCfg = Release|Any CPU
		{E57059B3-6022-40F6-9AD5-85015F0FA149}.Release|Any CPU.Build.0 = Release|Any CPU
		{81103134-A227-49BC-BECC-765FD4A8499D}.Debug|Any CPU.ActiveCfg = Debug|Any CPU
		{81103134-A227-49BC-BECC-765FD4A8499D}.Debug|Any CPU.Build.0 = Debug|Any CPU
		{81103134-A227-49BC-BECC-765FD4A8499D}.Release|Any CPU.ActiveCfg = Release|Any CPU
		{81103134-A227-49BC-BECC-765FD4A8499D}.Release|Any CPU.Build.0 = Release|Any CPU
		{357D1A08-384A-4DE3-AA9B-99041D073689}.Debug|Any CPU.ActiveCfg = Debug|Any CPU
		{357D1A08-384A-4DE3-AA9B-99041D073689}.Debug|Any CPU.Build.0 = Debug|Any CPU
		{357D1A08-384A-4DE3-AA9B-99041D073689}.Release|Any CPU.ActiveCfg = Release|Any CPU
		{357D1A08-384A-4DE3-AA9B-99041D073689}.Release|Any CPU.Build.0 = Release|Any CPU
		{DB3750A0-0B02-46D3-9733-AD87B8D80098}.Debug|Any CPU.ActiveCfg = Debug|Any CPU
		{DB3750A0-0B02-46D3-9733-AD87B8D80098}.Debug|Any CPU.Build.0 = Debug|Any CPU
		{DB3750A0-0B02-46D3-9733-AD87B8D80098}.Release|Any CPU.ActiveCfg = Release|Any CPU
		{DB3750A0-0B02-46D3-9733-AD87B8D80098}.Release|Any CPU.Build.0 = Release|Any CPU
		{9F6CE32D-F17D-4661-AF89-78951B9C0378}.Debug|Any CPU.ActiveCfg = Debug|Any CPU
		{9F6CE32D-F17D-4661-AF89-78951B9C0378}.Debug|Any CPU.Build.0 = Debug|Any CPU
		{9F6CE32D-F17D-4661-AF89-78951B9C0378}.Release|Any CPU.ActiveCfg = Release|Any CPU
		{9F6CE32D-F17D-4661-AF89-78951B9C0378}.Release|Any CPU.Build.0 = Release|Any CPU
	EndGlobalSection
	GlobalSection(SolutionProperties) = preSolution
		HideSolutionNode = FALSE
	EndGlobalSection
	GlobalSection(NestedProjects) = preSolution
		{A6A6DE30-B74E-400F-B9E9-9F886A1F71E0} = {70E59C6C-618E-49D7-81E6-FF8E711432A8}
		{B00BAF93-D8AA-4764-9E18-FDD795CEDD7D} = {33EB9376-C011-4731-8491-EF6025C49902}
		{7BA09A6B-7641-4AAC-A6A6-AE86592C3F68} = {70E59C6C-618E-49D7-81E6-FF8E711432A8}
		{880005DC-73BC-4FC3-A741-F028A2581338} = {33EB9376-C011-4731-8491-EF6025C49902}
		{FF289F4A-90E5-4B11-875F-1E7CB8A5BCF5} = {70E59C6C-618E-49D7-81E6-FF8E711432A8}
		{64B5DE27-3EF2-4C33-823A-ABF8142D0697} = {70E59C6C-618E-49D7-81E6-FF8E711432A8}
		{C0E960DB-943D-4705-B829-4A15750521CC} = {70E59C6C-618E-49D7-81E6-FF8E711432A8}
		{E57059B3-6022-40F6-9AD5-85015F0FA149} = {33EB9376-C011-4731-8491-EF6025C49902}
		{81103134-A227-49BC-BECC-765FD4A8499D} = {70E59C6C-618E-49D7-81E6-FF8E711432A8}
		{357D1A08-384A-4DE3-AA9B-99041D073689} = {70E59C6C-618E-49D7-81E6-FF8E711432A8}
		{DB3750A0-0B02-46D3-9733-AD87B8D80098} = {33EB9376-C011-4731-8491-EF6025C49902}
		{9F6CE32D-F17D-4661-AF89-78951B9C0378} = {33EB9376-C011-4731-8491-EF6025C49902}
	EndGlobalSection
	GlobalSection(ExtensibilityGlobals) = postSolution
		SolutionGuid = {AC9DA31B-2142-4BC1-8684-012B35870A13}
	EndGlobalSection
EndGlobal
